
Microsoft Visual Studio Solution File, Format Version 12.00
# Visual Studio Version 16
VisualStudioVersion = 16.0.30128.74
MinimumVisualStudioVersion = 10.0.40219.1
Project("{FAE04EC0-301F-11D3-BF4B-00C04F79EFBC}") = "JSon_Data_to_DataTable", "JSon_Data_to_DataTable\JSon_Data_to_DataTable.csproj", "{975074FF-8459-4B47-A1BC-447D9D7067EF}"
EndProject
Global
	GlobalSection(SolutionConfigurationPlatforms) = preSolution
		Debug|Any CPU = Debug|Any CPU
		Release|Any CPU = Release|Any CPU
	EndGlobalSection
	GlobalSection(ProjectConfigurationPlatforms) = postSolution
		{975074FF-8459-4B47-A1BC-447D9D7067EF}.Debug|Any CPU.ActiveCfg = Debug|Any CPU
		{975074FF-8459-4B47-A1BC-447D9D7067EF}.Debug|Any CPU.Build.0 = Debug|Any CPU
		{975074FF-8459-4B47-A1BC-447D9D7067EF}.Release|Any CPU.ActiveCfg = Release|Any CPU
		{975074FF-8459-4B47-A1BC-447D9D7067EF}.Release|Any CPU.Build.0 = Release|Any CPU
	EndGlobalSection
	GlobalSection(SolutionProperties) = preSolution
		HideSolutionNode = FALSE
	EndGlobalSection
	GlobalSection(ExtensibilityGlobals) = postSolution
		SolutionGuid = {697EA867-15A2-4B11-8BA1-A030424CB062}
	EndGlobalSection
EndGlobal
